
Microsoft Visual Studio Solution File, Format Version 12.00
# Visual Studio Version 17
VisualStudioVersion = 17.0.31903.59
MinimumVisualStudioVersion = 10.0.40219.1
Project("{2150E333-8FDC-42A3-9474-1A3956D46DE8}") = "src", "src", "{827E0CD3-B72D-47B6-A68D-7590B98EB39B}"
EndProject
Project("{FAE04EC0-301F-11D3-BF4B-00C04F79EFBC}") = "Auxim.VAFS", "src\Auxim.VAFS\Auxim.VAFS.csproj", "{020B3736-8B3B-4C3A-A85F-034783008B21}"
EndProject
Project("{FAE04EC0-301F-11D3-BF4B-00C04F79EFBC}") = "Auxim.Core", "src\Auxim.Core\Auxim.Core.csproj", "{AEEA4F71-C343-44DA-829A-CB7DC72A91CA}"
EndProject
Project("{FAE04EC0-301F-11D3-BF4B-00C04F79EFBC}") = "Auxim.Tools", "src\Auxim.Tools\Auxim.Tools.csproj", "{6A6B2030-DDA3-4D1E-9EC5-46FF36B8C36E}"
EndProject
Project("{2150E333-8FDC-42A3-9474-1A3956D46DE8}") = "Test", "Test", "{0C88DD14-F956-CE84-757C-A364CCF449FC}"
EndProject
Project("{FAE04EC0-301F-11D3-BF4B-00C04F79EFBC}") = "Auxim.Core.Tests", "tests\Auxim.Core.Tests\Auxim.Core.Tests.csproj", "{4C7AD598-2E91-4DC8-85C6-CBDB0CE4F134}"
EndProject
Global
	GlobalSection(SolutionConfigurationPlatforms) = preSolution
		Debug|Any CPU = Debug|Any CPU
		Debug|x64 = Debug|x64
		Debug|x86 = Debug|x86
		Release|Any CPU = Release|Any CPU
		Release|x64 = Release|x64
		Release|x86 = Release|x86
	EndGlobalSection
	GlobalSection(ProjectConfigurationPlatforms) = postSolution
		{020B3736-8B3B-4C3A-A85F-034783008B21}.Debug|Any CPU.ActiveCfg = Debug|Any CPU
		{020B3736-8B3B-4C3A-A85F-034783008B21}.Debug|Any CPU.Build.0 = Debug|Any CPU
		{020B3736-8B3B-4C3A-A85F-034783008B21}.Debug|x64.ActiveCfg = Debug|Any CPU
		{020B3736-8B3B-4C3A-A85F-034783008B21}.Debug|x64.Build.0 = Debug|Any CPU
		{020B3736-8B3B-4C3A-A85F-034783008B21}.Debug|x86.ActiveCfg = Debug|Any CPU
		{020B3736-8B3B-4C3A-A85F-034783008B21}.Debug|x86.Build.0 = Debug|Any CPU
		{020B3736-8B3B-4C3A-A85F-034783008B21}.Release|Any CPU.ActiveCfg = Release|Any CPU
		{020B3736-8B3B-4C3A-A85F-034783008B21}.Release|Any CPU.Build.0 = Release|Any CPU
		{020B3736-8B3B-4C3A-A85F-034783008B21}.Release|x64.ActiveCfg = Release|Any CPU
		{020B3736-8B3B-4C3A-A85F-034783008B21}.Release|x64.Build.0 = Release|Any CPU
		{020B3736-8B3B-4C3A-A85F-034783008B21}.Release|x86.ActiveCfg = Release|Any CPU
		{020B3736-8B3B-4C3A-A85F-034783008B21}.Release|x86.Build.0 = Release|Any CPU
		{AEEA4F71-C343-44DA-829A-CB7DC72A91CA}.Debug|Any CPU.ActiveCfg = Debug|Any CPU
		{AEEA4F71-C343-44DA-829A-CB7DC72A91CA}.Debug|Any CPU.Build.0 = Debug|Any CPU
		{AEEA4F71-C343-44DA-829A-CB7DC72A91CA}.Debug|x64.ActiveCfg = Debug|Any CPU
		{AEEA4F71-C343-44DA-829A-CB7DC72A91CA}.Debug|x64.Build.0 = Debug|Any CPU
		{AEEA4F71-C343-44DA-829A-CB7DC72A91CA}.Debug|x86.ActiveCfg = Debug|Any CPU
		{AEEA4F71-C343-44DA-829A-CB7DC72A91CA}.Debug|x86.Build.0 = Debug|Any CPU
		{AEEA4F71-C343-44DA-829A-CB7DC72A91CA}.Release|Any CPU.ActiveCfg = Release|Any CPU
		{AEEA4F71-C343-44DA-829A-CB7DC72A91CA}.Release|Any CPU.Build.0 = Release|Any CPU
		{AEEA4F71-C343-44DA-829A-CB7DC72A91CA}.Release|x64.ActiveCfg = Release|Any CPU
		{AEEA4F71-C343-44DA-829A-CB7DC72A91CA}.Release|x64.Build.0 = Release|Any CPU
		{AEEA4F71-C343-44DA-829A-CB7DC72A91CA}.Release|x86.ActiveCfg = Release|Any CPU
		{AEEA4F71-C343-44DA-829A-CB7DC72A91CA}.Release|x86.Build.0 = Release|Any CPU
		{6A6B2030-DDA3-4D1E-9EC5-46FF36B8C36E}.Debug|Any CPU.ActiveCfg = Debug|Any CPU
		{6A6B2030-DDA3-4D1E-9EC5-46FF36B8C36E}.Debug|Any CPU.Build.0 = Debug|Any CPU
		{6A6B2030-DDA3-4D1E-9EC5-46FF36B8C36E}.Debug|x64.ActiveCfg = Debug|Any CPU
		{6A6B2030-DDA3-4D1E-9EC5-46FF36B8C36E}.Debug|x64.Build.0 = Debug|Any CPU
		{6A6B2030-DDA3-4D1E-9EC5-46FF36B8C36E}.Debug|x86.ActiveCfg = Debug|Any CPU
		{6A6B2030-DDA3-4D1E-9EC5-46FF36B8C36E}.Debug|x86.Build.0 = Debug|Any CPU
		{6A6B2030-DDA3-4D1E-9EC5-46FF36B8C36E}.Release|Any CPU.ActiveCfg = Release|Any CPU
		{6A6B2030-DDA3-4D1E-9EC5-46FF36B8C36E}.Release|Any CPU.Build.0 = Release|Any CPU
		{6A6B2030-DDA3-4D1E-9EC5-46FF36B8C36E}.Release|x64.ActiveCfg = Release|Any CPU
		{6A6B2030-DDA3-4D1E-9EC5-46FF36B8C36E}.Release|x64.Build.0 = Release|Any CPU
		{6A6B2030-DDA3-4D1E-9EC5-46FF36B8C36E}.Release|x86.ActiveCfg = Release|Any CPU
		{6A6B2030-DDA3-4D1E-9EC5-46FF36B8C36E}.Release|x86.Build.0 = Release|Any CPU
		{4C7AD598-2E91-4DC8-85C6-CBDB0CE4F134}.Debug|Any CPU.ActiveCfg = Debug|Any CPU
		{4C7AD598-2E91-4DC8-85C6-CBDB0CE4F134}.Debug|Any CPU.Build.0 = Debug|Any CPU
		{4C7AD598-2E91-4DC8-85C6-CBDB0CE4F134}.Debug|x64.ActiveCfg = Debug|Any CPU
		{4C7AD598-2E91-4DC8-85C6-CBDB0CE4F134}.Debug|x64.Build.0 = Debug|Any CPU
		{4C7AD598-2E91-4DC8-85C6-CBDB0CE4F134}.Debug|x86.ActiveCfg = Debug|Any CPU
		{4C7AD598-2E91-4DC8-85C6-CBDB0CE4F134}.Debug|x86.Build.0 = Debug|Any CPU
		{4C7AD598-2E91-4DC8-85C6-CBDB0CE4F134}.Release|Any CPU.ActiveCfg = Release|Any CPU
		{4C7AD598-2E91-4DC8-85C6-CBDB0CE4F134}.Release|Any CPU.Build.0 = Release|Any CPU
		{4C7AD598-2E91-4DC8-85C6-CBDB0CE4F134}.Release|x64.ActiveCfg = Release|Any CPU
		{4C7AD598-2E91-4DC8-85C6-CBDB0CE4F134}.Release|x64.Build.0 = Release|Any CPU
		{4C7AD598-2E91-4DC8-85C6-CBDB0CE4F134}.Release|x86.ActiveCfg = Release|Any CPU
		{4C7AD598-2E91-4DC8-85C6-CBDB0CE4F134}.Release|x86.Build.0 = Release|Any CPU
	EndGlobalSection
	GlobalSection(SolutionProperties) = preSolution
		HideSolutionNode = FALSE
	EndGlobalSection
	GlobalSection(NestedProjects) = preSolution
		{020B3736-8B3B-4C3A-A85F-034783008B21} = {827E0CD3-B72D-47B6-A68D-7590B98EB39B}
		{AEEA4F71-C343-44DA-829A-CB7DC72A91CA} = {827E0CD3-B72D-47B6-A68D-7590B98EB39B}
		{6A6B2030-DDA3-4D1E-9EC5-46FF36B8C36E} = {827E0CD3-B72D-47B6-A68D-7590B98EB39B}
		{4C7AD598-2E91-4DC8-85C6-CBDB0CE4F134} = {0C88DD14-F956-CE84-757C-A364CCF449FC}
	EndGlobalSection
EndGlobal
