
Microsoft Visual Studio Solution File, Format Version 12.00
# Visual Studio Version 17
VisualStudioVersion = 17.0.31903.59
MinimumVisualStudioVersion = 10.0.40219.1
Project("{2150E333-8FDC-42A3-9474-1A3956D46DE8}") = "src", "src", "{827E0CD3-B72D-47B6-A68D-7590B98EB39B}"
EndProject
Project("{FAE04EC0-301F-11D3-BF4B-00C04F79EFBC}") = "Auxim.VAFS", "src\Auxim.VAFS\Auxim.VAFS.csproj", "{3B5C15D4-B19C-4671-9C4A-CCEA68EC9974}"
EndProject
Project("{FAE04EC0-301F-11D3-BF4B-00C04F79EFBC}") = "Auxim.Core", "src\Auxim.Core\Auxim.Core.csproj", "{1C2FF94E-EAB0-4CC1-A805-C1B9AA54EFC4}"
EndProject
Project("{FAE04EC0-301F-11D3-BF4B-00C04F79EFBC}") = "Auxim.Tools", "src\Auxim.Tools\Auxim.Tools.csproj", "{F3A5C4EF-57FD-4825-8599-D1E2E00BDD1F}"
EndProject
Project("{FAE04EC0-301F-11D3-BF4B-00C04F79EFBC}") = "Auxim.Agent", "src\Auxim.Agent\Auxim.Agent.csproj", "{ED9140F7-CA64-4FC9-B6AA-2F73F4DF5EF6}"
EndProject
Project("{FAE04EC0-301F-11D3-BF4B-00C04F79EFBC}") = "Auxim.Cli", "src\Auxim.Cli\Auxim.Cli.csproj", "{35EAB473-930B-4220-BACC-D0DCE9CAF767}"
EndProject
Project("{FAE04EC0-301F-11D3-BF4B-00C04F79EFBC}") = "Auxim.Gateway", "src\Auxim.Gateway\Auxim.Gateway.csproj", "{BF45E140-B92D-4C99-B020-870E1D723B38}"
EndProject
Project("{2150E333-8FDC-42A3-9474-1A3956D46DE8}") = "Test", "Test", "{0C88DD14-F956-CE84-757C-A364CCF449FC}"
EndProject
Project("{FAE04EC0-301F-11D3-BF4B-00C04F79EFBC}") = "Auxim.Core.Tests", "tests\Auxim.Core.Tests\Auxim.Core.Tests.csproj", "{486B1B2B-4E6E-4E66-AE13-66734290DB52}"
EndProject
Project("{FAE04EC0-301F-11D3-BF4B-00C04F79EFBC}") = "Auxim.Agent.Tests", "tests\Auxim.Agent.Tests\Auxim.Agent.Tests.csproj", "{3B1A934E-C336-4C74-94F7-785C8F42FF25}"
EndProject
Project("{FAE04EC0-301F-11D3-BF4B-00C04F79EFBC}") = "Auxim.SDK.Tests", "tests\Auxim.SDK.Tests\Auxim.SDK.Tests.csproj", "{1FDE44A4-2214-4CAA-B280-C31F722C9A0D}"
EndProject
Global
	GlobalSection(SolutionConfigurationPlatforms) = preSolution
		Debug|Any CPU = Debug|Any CPU
		Debug|x64 = Debug|x64
		Debug|x86 = Debug|x86
		Release|Any CPU = Release|Any CPU
		Release|x64 = Release|x64
		Release|x86 = Release|x86
	EndGlobalSection
	GlobalSection(ProjectConfigurationPlatforms) = postSolution
		{3B5C15D4-B19C-4671-9C4A-CCEA68EC9974}.Debug|Any CPU.ActiveCfg = Debug|Any CPU
		{3B5C15D4-B19C-4671-9C4A-CCEA68EC9974}.Debug|Any CPU.Build.0 = Debug|Any CPU
		{3B5C15D4-B19C-4671-9C4A-CCEA68EC9974}.Debug|x64.ActiveCfg = Debug|Any CPU
		{3B5C15D4-B19C-4671-9C4A-CCEA68EC9974}.Debug|x64.Build.0 = Debug|Any CPU
		{3B5C15D4-B19C-4671-9C4A-CCEA68EC9974}.Debug|x86.ActiveCfg = Debug|Any CPU
		{3B5C15D4-B19C-4671-9C4A-CCEA68EC9974}.Debug|x86.Build.0 = Debug|Any CPU
		{3B5C15D4-B19C-4671-9C4A-CCEA68EC9974}.Release|Any CPU.ActiveCfg = Release|Any CPU
		{3B5C15D4-B19C-4671-9C4A-CCEA68EC9974}.Release|Any CPU.Build.0 = Release|Any CPU
		{3B5C15D4-B19C-4671-9C4A-CCEA68EC9974}.Release|x64.ActiveCfg = Release|Any CPU
		{3B5C15D4-B19C-4671-9C4A-CCEA68EC9974}.Release|x64.Build.0 = Release|Any CPU
		{3B5C15D4-B19C-4671-9C4A-CCEA68EC9974}.Release|x86.ActiveCfg = Release|Any CPU
		{3B5C15D4-B19C-4671-9C4A-CCEA68EC9974}.Release|x86.Build.0 = Release|Any CPU
		{1C2FF94E-EAB0-4CC1-A805-C1B9AA54EFC4}.Debug|Any CPU.ActiveCfg = Debug|Any CPU
		{1C2FF94E-EAB0-4CC1-A805-C1B9AA54EFC4}.Debug|Any CPU.Build.0 = Debug|Any CPU
		{1C2FF94E-EAB0-4CC1-A805-C1B9AA54EFC4}.Debug|x64.ActiveCfg = Debug|Any CPU
		{1C2FF94E-EAB0-4CC1-A805-C1B9AA54EFC4}.Debug|x64.Build.0 = Debug|Any CPU
		{1C2FF94E-EAB0-4CC1-A805-C1B9AA54EFC4}.Debug|x86.ActiveCfg = Debug|Any CPU
		{1C2FF94E-EAB0-4CC1-A805-C1B9AA54EFC4}.Debug|x86.Build.0 = Debug|Any CPU
		{1C2FF94E-EAB0-4CC1-A805-C1B9AA54EFC4}.Release|Any CPU.ActiveCfg = Release|Any CPU
		{1C2FF94E-EAB0-4CC1-A805-C1B9AA54EFC4}.Release|Any CPU.Build.0 = Release|Any CPU
		{1C2FF94E-EAB0-4CC1-A805-C1B9AA54EFC4}.Release|x64.ActiveCfg = Release|Any CPU
		{1C2FF94E-EAB0-4CC1-A805-C1B9AA54EFC4}.Release|x64.Build.0 = Release|Any CPU
		{1C2FF94E-EAB0-4CC1-A805-C1B9AA54EFC4}.Release|x86.ActiveCfg = Release|Any CPU
		{1C2FF94E-EAB0-4CC1-A805-C1B9AA54EFC4}.Release|x86.Build.0 = Release|Any CPU
		{F3A5C4EF-57FD-4825-8599-D1E2E00BDD1F}.Debug|Any CPU.ActiveCfg = Debug|Any CPU
		{F3A5C4EF-57FD-4825-8599-D1E2E00BDD1F}.Debug|Any CPU.Build.0 = Debug|Any CPU
		{F3A5C4EF-57FD-4825-8599-D1E2E00BDD1F}.Debug|x64.ActiveCfg = Debug|Any CPU
		{F3A5C4EF-57FD-4825-8599-D1E2E00BDD1F}.Debug|x64.Build.0 = Debug|Any CPU
		{F3A5C4EF-57FD-4825-8599-D1E2E00BDD1F}.Debug|x86.ActiveCfg = Debug|Any CPU
		{F3A5C4EF-57FD-4825-8599-D1E2E00BDD1F}.Debug|x86.Build.0 = Debug|Any CPU
		{F3A5C4EF-57FD-4825-8599-D1E2E00BDD1F}.Release|Any CPU.ActiveCfg = Release|Any CPU
		{F3A5C4EF-57FD-4825-8599-D1E2E00BDD1F}.Release|Any CPU.Build.0 = Release|Any CPU
		{F3A5C4EF-57FD-4825-8599-D1E2E00BDD1F}.Release|x64.ActiveCfg = Release|Any CPU
		{F3A5C4EF-57FD-4825-8599-D1E2E00BDD1F}.Release|x64.Build.0 = Release|Any CPU
		{F3A5C4EF-57FD-4825-8599-D1E2E00BDD1F}.Release|x86.ActiveCfg = Release|Any CPU
		{F3A5C4EF-57FD-4825-8599-D1E2E00BDD1F}.Release|x86.Build.0 = Release|Any CPU
		{ED9140F7-CA64-4FC9-B6AA-2F73F4DF5EF6}.Debug|Any CPU.ActiveCfg = Debug|Any CPU
		{ED9140F7-CA64-4FC9-B6AA-2F73F4DF5EF6}.Debug|Any CPU.Build.0 = Debug|Any CPU
		{ED9140F7-CA64-4FC9-B6AA-2F73F4DF5EF6}.Debug|x64.ActiveCfg = Debug|Any CPU
		{ED9140F7-CA64-4FC9-B6AA-2F73F4DF5EF6}.Debug|x64.Build.0 = Debug|Any CPU
		{ED9140F7-CA64-4FC9-B6AA-2F73F4DF5EF6}.Debug|x86.ActiveCfg = Debug|Any CPU
		{ED9140F7-CA64-4FC9-B6AA-2F73F4DF5EF6}.Debug|x86.Build.0 = Debug|Any CPU
		{ED9140F7-CA64-4FC9-B6AA-2F73F4DF5EF6}.Release|Any CPU.ActiveCfg = Release|Any CPU
		{ED9140F7-CA64-4FC9-B6AA-2F73F4DF5EF6}.Release|Any CPU.Build.0 = Release|Any CPU
		{ED9140F7-CA64-4FC9-B6AA-2F73F4DF5EF6}.Release|x64.ActiveCfg = Release|Any CPU
		{ED9140F7-CA64-4FC9-B6AA-2F73F4DF5EF6}.Release|x64.Build.0 = Release|Any CPU
		{ED9140F7-CA64-4FC9-B6AA-2F73F4DF5EF6}.Release|x86.ActiveCfg = Release|Any CPU
		{ED9140F7-CA64-4FC9-B6AA-2F73F4DF5EF6}.Release|x86.Build.0 = Release|Any CPU
		{35EAB473-930B-4220-BACC-D0DCE9CAF767}.Debug|Any CPU.ActiveCfg = Debug|Any CPU
		{35EAB473-930B-4220-BACC-D0DCE9CAF767}.Debug|Any CPU.Build.0 = Debug|Any CPU
		{35EAB473-930B-4220-BACC-D0DCE9CAF767}.Debug|x64.ActiveCfg = Debug|Any CPU
		{35EAB473-930B-4220-BACC-D0DCE9CAF767}.Debug|x64.Build.0 = Debug|Any CPU
		{35EAB473-930B-4220-BACC-D0DCE9CAF767}.Debug|x86.ActiveCfg = Debug|Any CPU
		{35EAB473-930B-4220-BACC-D0DCE9CAF767}.Debug|x86.Build.0 = Debug|Any CPU
		{35EAB473-930B-4220-BACC-D0DCE9CAF767}.Release|Any CPU.ActiveCfg = Release|Any CPU
		{35EAB473-930B-4220-BACC-D0DCE9CAF767}.Release|Any CPU.Build.0 = Release|Any CPU
		{35EAB473-930B-4220-BACC-D0DCE9CAF767}.Release|x64.ActiveCfg = Release|Any CPU
		{35EAB473-930B-4220-BACC-D0DCE9CAF767}.Release|x64.Build.0 = Release|Any CPU
		{35EAB473-930B-4220-BACC-D0DCE9CAF767}.Release|x86.ActiveCfg = Release|Any CPU
		{35EAB473-930B-4220-BACC-D0DCE9CAF767}.Release|x86.Build.0 = Release|Any CPU
		{BF45E140-B92D-4C99-B020-870E1D723B38}.Debug|Any CPU.ActiveCfg = Debug|Any CPU
		{BF45E140-B92D-4C99-B020-870E1D723B38}.Debug|Any CPU.Build.0 = Debug|Any CPU
		{BF45E140-B92D-4C99-B020-870E1D723B38}.Debug|x64.ActiveCfg = Debug|Any CPU
		{BF45E140-B92D-4C99-B020-870E1D723B38}.Debug|x64.Build.0 = Debug|Any CPU
		{BF45E140-B92D-4C99-B020-870E1D723B38}.Debug|x86.ActiveCfg = Debug|Any CPU
		{BF45E140-B92D-4C99-B020-870E1D723B38}.Debug|x86.Build.0 = Debug|Any CPU
		{BF45E140-B92D-4C99-B020-870E1D723B38}.Release|Any CPU.ActiveCfg = Release|Any CPU
		{BF45E140-B92D-4C99-B020-870E1D723B38}.Release|Any CPU.Build.0 = Release|Any CPU
		{BF45E140-B92D-4C99-B020-870E1D723B38}.Release|x64.ActiveCfg = Release|Any CPU
		{BF45E140-B92D-4C99-B020-870E1D723B38}.Release|x64.Build.0 = Release|Any CPU
		{BF45E140-B92D-4C99-B020-870E1D723B38}.Release|x86.ActiveCfg = Release|Any CPU
		{BF45E140-B92D-4C99-B020-870E1D723B38}.Release|x86.Build.0 = Release|Any CPU
		{486B1B2B-4E6E-4E66-AE13-66734290DB52}.Debug|Any CPU.ActiveCfg = Debug|Any CPU
		{486B1B2B-4E6E-4E66-AE13-66734290DB52}.Debug|Any CPU.Build.0 = Debug|Any CPU
		{486B1B2B-4E6E-4E66-AE13-66734290DB52}.Debug|x64.ActiveCfg = Debug|Any CPU
		{486B1B2B-4E6E-4E66-AE13-66734290DB52}.Debug|x64.Build.0 = Debug|Any CPU
		{486B1B2B-4E6E-4E66-AE13-66734290DB52}.Debug|x86.ActiveCfg = Debug|Any CPU
		{486B1B2B-4E6E-4E66-AE13-66734290DB52}.Debug|x86.Build.0 = Debug|Any CPU
		{486B1B2B-4E6E-4E66-AE13-66734290DB52}.Release|Any CPU.ActiveCfg = Release|Any CPU
		{486B1B2B-4E6E-4E66-AE13-66734290DB52}.Release|Any CPU.Build.0 = Release|Any CPU
		{486B1B2B-4E6E-4E66-AE13-66734290DB52}.Release|x64.ActiveCfg = Release|Any CPU
		{486B1B2B-4E6E-4E66-AE13-66734290DB52}.Release|x64.Build.0 = Release|Any CPU
		{486B1B2B-4E6E-4E66-AE13-66734290DB52}.Release|x86.ActiveCfg = Release|Any CPU
		{486B1B2B-4E6E-4E66-AE13-66734290DB52}.Release|x86.Build.0 = Release|Any CPU
		{3B1A934E-C336-4C74-94F7-785C8F42FF25}.Debug|Any CPU.ActiveCfg = Debug|Any CPU
		{3B1A934E-C336-4C74-94F7-785C8F42FF25}.Debug|Any CPU.Build.0 = Debug|Any CPU
		{3B1A934E-C336-4C74-94F7-785C8F42FF25}.Debug|x64.ActiveCfg = Debug|Any CPU
		{3B1A934E-C336-4C74-94F7-785C8F42FF25}.Debug|x64.Build.0 = Debug|Any CPU
		{3B1A934E-C336-4C74-94F7-785C8F42FF25}.Debug|x86.ActiveCfg = Debug|Any CPU
		{3B1A934E-C336-4C74-94F7-785C8F42FF25}.Debug|x86.Build.0 = Debug|Any CPU
		{3B1A934E-C336-4C74-94F7-785C8F42FF25}.Release|Any CPU.ActiveCfg = Release|Any CPU
		{3B1A934E-C336-4C74-94F7-785C8F42FF25}.Release|Any CPU.Build.0 = Release|Any CPU
		{3B1A934E-C336-4C74-94F7-785C8F42FF25}.Release|x64.ActiveCfg = Release|Any CPU
		{3B1A934E-C336-4C74-94F7-785C8F42FF25}.Release|x64.Build.0 = Release|Any CPU
		{3B1A934E-C336-4C74-94F7-785C8F42FF25}.Release|x86.ActiveCfg = Release|Any CPU
		{3B1A934E-C336-4C74-94F7-785C8F42FF25}.Release|x86.Build.0 = Release|Any CPU
		{1FDE44A4-2214-4CAA-B280-C31F722C9A0D}.Debug|Any CPU.ActiveCfg = Debug|Any CPU
		{1FDE44A4-2214-4CAA-B280-C31F722C9A0D}.Debug|Any CPU.Build.0 = Debug|Any CPU
		{1FDE44A4-2214-4CAA-B280-C31F722C9A0D}.Debug|x64.ActiveCfg = Debug|Any CPU
		{1FDE44A4-2214-4CAA-B280-C31F722C9A0D}.Debug|x64.Build.0 = Debug|Any CPU
		{1FDE44A4-2214-4CAA-B280-C31F722C9A0D}.Debug|x86.ActiveCfg = Debug|Any CPU
		{1FDE44A4-2214-4CAA-B280-C31F722C9A0D}.Debug|x86.Build.0 = Debug|Any CPU
		{1FDE44A4-2214-4CAA-B280-C31F722C9A0D}.Release|Any CPU.ActiveCfg = Release|Any CPU
		{1FDE44A4-2214-4CAA-B280-C31F722C9A0D}.Release|Any CPU.Build.0 = Release|Any CPU
		{1FDE44A4-2214-4CAA-B280-C31F722C9A0D}.Release|x64.ActiveCfg = Release|Any CPU
		{1FDE44A4-2214-4CAA-B280-C31F722C9A0D}.Release|x64.Build.0 = Release|Any CPU
		{1FDE44A4-2214-4CAA-B280-C31F722C9A0D}.Release|x86.ActiveCfg = Release|Any CPU
		{1FDE44A4-2214-4CAA-B280-C31F722C9A0D}.Release|x86.Build.0 = Release|Any CPU
	EndGlobalSection
	GlobalSection(SolutionProperties) = preSolution
		HideSolutionNode = FALSE
	EndGlobalSection
	GlobalSection(NestedProjects) = preSolution
		{3B5C15D4-B19C-4671-9C4A-CCEA68EC9974} = {827E0CD3-B72D-47B6-A68D-7590B98EB39B}
		{1C2FF94E-EAB0-4CC1-A805-C1B9AA54EFC4} = {827E0CD3-B72D-47B6-A68D-7590B98EB39B}
		{F3A5C4EF-57FD-4825-8599-D1E2E00BDD1F} = {827E0CD3-B72D-47B6-A68D-7590B98EB39B}
		{ED9140F7-CA64-4FC9-B6AA-2F73F4DF5EF6} = {827E0CD3-B72D-47B6-A68D-7590B98EB39B}
		{35EAB473-930B-4220-BACC-D0DCE9CAF767} = {827E0CD3-B72D-47B6-A68D-7590B98EB39B}
		{BF45E140-B92D-4C99-B020-870E1D723B38} = {827E0CD3-B72D-47B6-A68D-7590B98EB39B}
		{486B1B2B-4E6E-4E66-AE13-66734290DB52} = {0C88DD14-F956-CE84-757C-A364CCF449FC}
		{3B1A934E-C336-4C74-94F7-785C8F42FF25} = {0C88DD14-F956-CE84-757C-A364CCF449FC}
		{1FDE44A4-2214-4CAA-B280-C31F722C9A0D} = {0C88DD14-F956-CE84-757C-A364CCF449FC}
	EndGlobalSection
EndGlobal
